
Microsoft Visual Studio Solution File, Format Version 12.00
# Visual Studio Version 16
VisualStudioVersion = 16.0.29020.237
MinimumVisualStudioVersion = 10.0.40219.1
Project("{FAE04EC0-301F-11D3-BF4B-00C04F79EFBC}") = "EMS", "EMS\EMS.csproj", "{FFB52830-1D87-4219-96BD-5D2DF92E5076}"
EndProject
Global
	GlobalSection(SolutionConfigurationPlatforms) = preSolution
		Debug|Any CPU = Debug|Any CPU
		Release|Any CPU = Release|Any CPU
	EndGlobalSection
	GlobalSection(ProjectConfigurationPlatforms) = postSolution
		{FFB52830-1D87-4219-96BD-5D2DF92E5076}.Debug|Any CPU.ActiveCfg = Debug|Any CPU
		{FFB52830-1D87-4219-96BD-5D2DF92E5076}.Debug|Any CPU.Build.0 = Debug|Any CPU
		{FFB52830-1D87-4219-96BD-5D2DF92E5076}.Release|Any CPU.ActiveCfg = Release|Any CPU
		{FFB52830-1D87-4219-96BD-5D2DF92E5076}.Release|Any CPU.Build.0 = Release|Any CPU
	EndGlobalSection
	GlobalSection(SolutionProperties) = preSolution
		HideSolutionNode = FALSE
	EndGlobalSection
	GlobalSection(ExtensibilityGlobals) = postSolution
		SolutionGuid = {B25B5DFE-4BF0-47B5-B23C-1EBBFC751544}
	EndGlobalSection
EndGlobal
