
Microsoft Visual Studio Solution File, Format Version 12.00
# Visual Studio Version 16
VisualStudioVersion = 16.0.29020.237
MinimumVisualStudioVersion = 10.0.40219.1
Project("{FAE04EC0-301F-11D3-BF4B-00C04F79EFBC}") = "PMS", "PMS\PMS.csproj", "{2FF62088-D466-45DA-9F3F-DF6819C79C4C}"
EndProject
Global
	GlobalSection(SolutionConfigurationPlatforms) = preSolution
		Debug|Any CPU = Debug|Any CPU
		Release|Any CPU = Release|Any CPU
	EndGlobalSection
	GlobalSection(ProjectConfigurationPlatforms) = postSolution
		{2FF62088-D466-45DA-9F3F-DF6819C79C4C}.Debug|Any CPU.ActiveCfg = Debug|Any CPU
		{2FF62088-D466-45DA-9F3F-DF6819C79C4C}.Debug|Any CPU.Build.0 = Debug|Any CPU
		{2FF62088-D466-45DA-9F3F-DF6819C79C4C}.Release|Any CPU.ActiveCfg = Release|Any CPU
		{2FF62088-D466-45DA-9F3F-DF6819C79C4C}.Release|Any CPU.Build.0 = Release|Any CPU
	EndGlobalSection
	GlobalSection(SolutionProperties) = preSolution
		HideSolutionNode = FALSE
	EndGlobalSection
	GlobalSection(ExtensibilityGlobals) = postSolution
		SolutionGuid = {3A1197DA-5D87-4D7A-AE23-EBC18A9AE732}
	EndGlobalSection
EndGlobal
